
Microsoft Visual Studio Solution File, Format Version 12.00
# Visual Studio Version 17
VisualStudioVersion = 17.4.33213.308
MinimumVisualStudioVersion = 10.0.40219.1
Project("{FAE04EC0-301F-11D3-BF4B-00C04F79EFBC}") = "Runner", "Runner\Runner.csproj", "{F348DCBB-967C-402D-A75A-0A7E10B73038}"
EndProject
Global
	GlobalSection(SolutionConfigurationPlatforms) = preSolution
		Debug|Any CPU = Debug|Any CPU
		Release|Any CPU = Release|Any CPU
	EndGlobalSection
	GlobalSection(ProjectConfigurationPlatforms) = postSolution
		{F348DCBB-967C-402D-A75A-0A7E10B73038}.Debug|Any CPU.ActiveCfg = Debug|Any CPU
		{F348DCBB-967C-402D-A75A-0A7E10B73038}.Debug|Any CPU.Build.0 = Debug|Any CPU
		{F348DCBB-967C-402D-A75A-0A7E10B73038}.Release|Any CPU.ActiveCfg = Release|Any CPU
		{F348DCBB-967C-402D-A75A-0A7E10B73038}.Release|Any CPU.Build.0 = Release|Any CPU
	EndGlobalSection
	GlobalSection(SolutionProperties) = preSolution
		HideSolutionNode = FALSE
	EndGlobalSection
	GlobalSection(ExtensibilityGlobals) = postSolution
		SolutionGuid = {B75E1B82-AC83-4A3F-BFD8-6A9E39C4AB86}
	EndGlobalSection
EndGlobal
